
Microsoft Visual Studio Solution File, Format Version 12.00
# Visual Studio Version 17
VisualStudioVersion = 17.9.34728.123
MinimumVisualStudioVersion = 10.0.40219.1
Project("{9A19103F-16F7-4668-BE54-9A1E7A4F7556}") = "Application", "Application\Application.csproj", "{3DF550C9-294E-4E2E-B414-04F8058CBEAF}"
EndProject
Project("{9A19103F-16F7-4668-BE54-9A1E7A4F7556}") = "Platform.Contracts", "Platform.Contracts\Platform.Contracts.csproj", "{0F857ADB-1C2C-4656-BB56-EDC0FE6AB19A}"
EndProject
Project("{9A19103F-16F7-4668-BE54-9A1E7A4F7556}") = "Platform.Windows", "Platform.Windows\Platform.Windows.csproj", "{0CC99A38-5F9A-4CD4-8E0E-4AE97B4EA65B}"
EndProject
Project("{9A19103F-16F7-4668-BE54-9A1E7A4F7556}") = "Renderer.Direct3D12", "Renderer.Direct3D12\Renderer.Direct3D12.csproj", "{750DDE32-EDA3-407F-B00E-C740C03D272A}"
EndProject
Project("{9A19103F-16F7-4668-BE54-9A1E7A4F7556}") = "Data.Space", "Data.Space\Data.Space.csproj", "{93667598-1EB0-4538-A993-34B1D8EB187E}"
EndProject
Project("{9A19103F-16F7-4668-BE54-9A1E7A4F7556}") = "Simulation.Physics", "Simulation.Physics\Simulation.Physics.csproj", "{70460F6C-E1AB-4D38-BF33-04822D41B220}"
EndProject
Project("{9A19103F-16F7-4668-BE54-9A1E7A4F7556}") = "Simulation.Scenario", "Simulation.Scenario\Simulation.Scenario.csproj", "{0C6AE5FE-E5FE-4152-B852-21D4F253262F}"
EndProject
Project("{9A19103F-16F7-4668-BE54-9A1E7A4F7556}") = "Util", "Util\Util.csproj", "{517010ED-1025-48B8-864A-B232C3F2FB7B}"
EndProject
Project("{9A19103F-16F7-4668-BE54-9A1E7A4F7556}") = "UI.Scenario", "UI.Scenario\UI.Scenario.csproj", "{FBC6BEF9-5EF7-483F-A8A6-FF1A45538B90}"
EndProject
Project("{9A19103F-16F7-4668-BE54-9A1E7A4F7556}") = "Renderer.Direct3D12.Shaders", "Renderer.Direct3D12.Shaders\Renderer.Direct3D12.Shaders.csproj", "{355D0B65-40BE-44DC-824B-419D3B6ADC9A}"
EndProject
Project("{9A19103F-16F7-4668-BE54-9A1E7A4F7556}") = "Data.Mesh", "Data.Mesh\Data.Mesh.csproj", "{4A9092D3-2C19-4856-A312-FC6F074E2A84}"
EndProject
Global
	GlobalSection(SolutionConfigurationPlatforms) = preSolution
		Debug|Any CPU = Debug|Any CPU
		Release|Any CPU = Release|Any CPU
	EndGlobalSection
	GlobalSection(ProjectConfigurationPlatforms) = postSolution
		{3DF550C9-294E-4E2E-B414-04F8058CBEAF}.Debug|Any CPU.ActiveCfg = Debug|Any CPU
		{3DF550C9-294E-4E2E-B414-04F8058CBEAF}.Debug|Any CPU.Build.0 = Debug|Any CPU
		{3DF550C9-294E-4E2E-B414-04F8058CBEAF}.Release|Any CPU.ActiveCfg = Release|Any CPU
		{3DF550C9-294E-4E2E-B414-04F8058CBEAF}.Release|Any CPU.Build.0 = Release|Any CPU
		{0F857ADB-1C2C-4656-BB56-EDC0FE6AB19A}.Debug|Any CPU.ActiveCfg = Debug|Any CPU
		{0F857ADB-1C2C-4656-BB56-EDC0FE6AB19A}.Debug|Any CPU.Build.0 = Debug|Any CPU
		{0F857ADB-1C2C-4656-BB56-EDC0FE6AB19A}.Release|Any CPU.ActiveCfg = Release|Any CPU
		{0F857ADB-1C2C-4656-BB56-EDC0FE6AB19A}.Release|Any CPU.Build.0 = Release|Any CPU
		{0CC99A38-5F9A-4CD4-8E0E-4AE97B4EA65B}.Debug|Any CPU.ActiveCfg = Debug|Any CPU
		{0CC99A38-5F9A-4CD4-8E0E-4AE97B4EA65B}.Debug|Any CPU.Build.0 = Debug|Any CPU
		{0CC99A38-5F9A-4CD4-8E0E-4AE97B4EA65B}.Release|Any CPU.ActiveCfg = Release|Any CPU
		{0CC99A38-5F9A-4CD4-8E0E-4AE97B4EA65B}.Release|Any CPU.Build.0 = Release|Any CPU
		{750DDE32-EDA3-407F-B00E-C740C03D272A}.Debug|Any CPU.ActiveCfg = Debug|Any CPU
		{750DDE32-EDA3-407F-B00E-C740C03D272A}.Debug|Any CPU.Build.0 = Debug|Any CPU
		{750DDE32-EDA3-407F-B00E-C740C03D272A}.Release|Any CPU.ActiveCfg = Release|Any CPU
		{750DDE32-EDA3-407F-B00E-C740C03D272A}.Release|Any CPU.Build.0 = Release|Any CPU
		{93667598-1EB0-4538-A993-34B1D8EB187E}.Debug|Any CPU.ActiveCfg = Debug|Any CPU
		{93667598-1EB0-4538-A993-34B1D8EB187E}.Debug|Any CPU.Build.0 = Debug|Any CPU
		{93667598-1EB0-4538-A993-34B1D8EB187E}.Release|Any CPU.ActiveCfg = Release|Any CPU
		{93667598-1EB0-4538-A993-34B1D8EB187E}.Release|Any CPU.Build.0 = Release|Any CPU
		{70460F6C-E1AB-4D38-BF33-04822D41B220}.Debug|Any CPU.ActiveCfg = Debug|Any CPU
		{70460F6C-E1AB-4D38-BF33-04822D41B220}.Debug|Any CPU.Build.0 = Debug|Any CPU
		{70460F6C-E1AB-4D38-BF33-04822D41B220}.Release|Any CPU.ActiveCfg = Release|Any CPU
		{70460F6C-E1AB-4D38-BF33-04822D41B220}.Release|Any CPU.Build.0 = Release|Any CPU
		{0C6AE5FE-E5FE-4152-B852-21D4F253262F}.Debug|Any CPU.ActiveCfg = Debug|Any CPU
		{0C6AE5FE-E5FE-4152-B852-21D4F253262F}.Debug|Any CPU.Build.0 = Debug|Any CPU
		{0C6AE5FE-E5FE-4152-B852-21D4F253262F}.Release|Any CPU.ActiveCfg = Release|Any CPU
		{0C6AE5FE-E5FE-4152-B852-21D4F253262F}.Release|Any CPU.Build.0 = Release|Any CPU
		{517010ED-1025-48B8-864A-B232C3F2FB7B}.Debug|Any CPU.ActiveCfg = Debug|Any CPU
		{517010ED-1025-48B8-864A-B232C3F2FB7B}.Debug|Any CPU.Build.0 = Debug|Any CPU
		{517010ED-1025-48B8-864A-B232C3F2FB7B}.Release|Any CPU.ActiveCfg = Release|Any CPU
		{517010ED-1025-48B8-864A-B232C3F2FB7B}.Release|Any CPU.Build.0 = Release|Any CPU
		{FBC6BEF9-5EF7-483F-A8A6-FF1A45538B90}.Debug|Any CPU.ActiveCfg = Debug|Any CPU
		{FBC6BEF9-5EF7-483F-A8A6-FF1A45538B90}.Debug|Any CPU.Build.0 = Debug|Any CPU
		{FBC6BEF9-5EF7-483F-A8A6-FF1A45538B90}.Release|Any CPU.ActiveCfg = Release|Any CPU
		{FBC6BEF9-5EF7-483F-A8A6-FF1A45538B90}.Release|Any CPU.Build.0 = Release|Any CPU
		{355D0B65-40BE-44DC-824B-419D3B6ADC9A}.Debug|Any CPU.ActiveCfg = Debug|Any CPU
		{355D0B65-40BE-44DC-824B-419D3B6ADC9A}.Debug|Any CPU.Build.0 = Debug|Any CPU
		{355D0B65-40BE-44DC-824B-419D3B6ADC9A}.Release|Any CPU.ActiveCfg = Release|Any CPU
		{355D0B65-40BE-44DC-824B-419D3B6ADC9A}.Release|Any CPU.Build.0 = Release|Any CPU
		{4A9092D3-2C19-4856-A312-FC6F074E2A84}.Debug|Any CPU.ActiveCfg = Debug|Any CPU
		{4A9092D3-2C19-4856-A312-FC6F074E2A84}.Debug|Any CPU.Build.0 = Debug|Any CPU
		{4A9092D3-2C19-4856-A312-FC6F074E2A84}.Release|Any CPU.ActiveCfg = Release|Any CPU
		{4A9092D3-2C19-4856-A312-FC6F074E2A84}.Release|Any CPU.Build.0 = Release|Any CPU
	EndGlobalSection
	GlobalSection(SolutionProperties) = preSolution
		HideSolutionNode = FALSE
	EndGlobalSection
	GlobalSection(ExtensibilityGlobals) = postSolution
		SolutionGuid = {A9D3647C-6FD6-4EE9-87DA-2FD029462BCA}
	EndGlobalSection
EndGlobal
